
Microsoft Visual Studio Solution File, Format Version 12.00
# Visual Studio 2012
Project("{FAE04EC0-301F-11D3-BF4B-00C04F79EFBC}") = "RevalEmployeeDetailsUI", "RevalEmployeeDetailsUI\RevalEmployeeDetailsUI.csproj", "{D7B44A65-D6FC-4F09-A169-CBE8CE3879D9}"
EndProject
Project("{FAE04EC0-301F-11D3-BF4B-00C04F79EFBC}") = "RevalProperties", "RevalProperties\RevalProperties.csproj", "{A8745EF5-989D-4CC7-94C1-2E71D8622CFE}"
EndProject
Project("{FAE04EC0-301F-11D3-BF4B-00C04F79EFBC}") = "RevalDataAccess", "RevalDataAccess\RevalDataAccess.csproj", "{51D55A58-2BB5-4A7C-84A2-F0A2E7061B4F}"
EndProject
Project("{FAE04EC0-301F-11D3-BF4B-00C04F79EFBC}") = "RevalBusinessLogic", "RevalBusinessLogic\RevalBusinessLogic.csproj", "{90710175-5F09-4137-ACC4-39F163C12FE2}"
EndProject
Project("{FAE04EC0-301F-11D3-BF4B-00C04F79EFBC}") = "RevalCommon", "RevalCommon\RevalCommon.csproj", "{022F003C-4416-481E-9CD6-6D2A2A6C8D63}"
EndProject
Global
	GlobalSection(SolutionConfigurationPlatforms) = preSolution
		Debug|Any CPU = Debug|Any CPU
		Release|Any CPU = Release|Any CPU
	EndGlobalSection
	GlobalSection(ProjectConfigurationPlatforms) = postSolution
		{D7B44A65-D6FC-4F09-A169-CBE8CE3879D9}.Debug|Any CPU.ActiveCfg = Debug|Any CPU
		{D7B44A65-D6FC-4F09-A169-CBE8CE3879D9}.Debug|Any CPU.Build.0 = Debug|Any CPU
		{D7B44A65-D6FC-4F09-A169-CBE8CE3879D9}.Release|Any CPU.ActiveCfg = Release|Any CPU
		{D7B44A65-D6FC-4F09-A169-CBE8CE3879D9}.Release|Any CPU.Build.0 = Release|Any CPU
		{A8745EF5-989D-4CC7-94C1-2E71D8622CFE}.Debug|Any CPU.ActiveCfg = Debug|Any CPU
		{A8745EF5-989D-4CC7-94C1-2E71D8622CFE}.Debug|Any CPU.Build.0 = Debug|Any CPU
		{A8745EF5-989D-4CC7-94C1-2E71D8622CFE}.Release|Any CPU.ActiveCfg = Release|Any CPU
		{A8745EF5-989D-4CC7-94C1-2E71D8622CFE}.Release|Any CPU.Build.0 = Release|Any CPU
		{51D55A58-2BB5-4A7C-84A2-F0A2E7061B4F}.Debug|Any CPU.ActiveCfg = Debug|Any CPU
		{51D55A58-2BB5-4A7C-84A2-F0A2E7061B4F}.Debug|Any CPU.Build.0 = Debug|Any CPU
		{51D55A58-2BB5-4A7C-84A2-F0A2E7061B4F}.Release|Any CPU.ActiveCfg = Release|Any CPU
		{51D55A58-2BB5-4A7C-84A2-F0A2E7061B4F}.Release|Any CPU.Build.0 = Release|Any CPU
		{90710175-5F09-4137-ACC4-39F163C12FE2}.Debug|Any CPU.ActiveCfg = Debug|Any CPU
		{90710175-5F09-4137-ACC4-39F163C12FE2}.Debug|Any CPU.Build.0 = Debug|Any CPU
		{90710175-5F09-4137-ACC4-39F163C12FE2}.Release|Any CPU.ActiveCfg = Release|Any CPU
		{90710175-5F09-4137-ACC4-39F163C12FE2}.Release|Any CPU.Build.0 = Release|Any CPU
		{022F003C-4416-481E-9CD6-6D2A2A6C8D63}.Debug|Any CPU.ActiveCfg = Debug|Any CPU
		{022F003C-4416-481E-9CD6-6D2A2A6C8D63}.Debug|Any CPU.Build.0 = Debug|Any CPU
		{022F003C-4416-481E-9CD6-6D2A2A6C8D63}.Release|Any CPU.ActiveCfg = Release|Any CPU
		{022F003C-4416-481E-9CD6-6D2A2A6C8D63}.Release|Any CPU.Build.0 = Release|Any CPU
	EndGlobalSection
	GlobalSection(SolutionProperties) = preSolution
		HideSolutionNode = FALSE
	EndGlobalSection
EndGlobal
